
Microsoft Visual Studio Solution File, Format Version 12.00
# Visual Studio Version 17
VisualStudioVersion = 17.10.35013.160
MinimumVisualStudioVersion = 10.0.40219.1
Project("{9A19103F-16F7-4668-BE54-9A1E7A4F7556}") = "LinkedList", "LinkedList\LinkedList.csproj", "{DDA0C0FA-7316-49FC-B196-50BDD20008A7}"
EndProject
Project("{9A19103F-16F7-4668-BE54-9A1E7A4F7556}") = "LinkedListTests", "LinkedListTests\LinkedListTests.csproj", "{516F68F3-BF8F-46E9-8BC0-47EDC6A37FD0}"
EndProject
Global
	GlobalSection(SolutionConfigurationPlatforms) = preSolution
		Debug|Any CPU = Debug|Any CPU
		Release|Any CPU = Release|Any CPU
	EndGlobalSection
	GlobalSection(ProjectConfigurationPlatforms) = postSolution
		{DDA0C0FA-7316-49FC-B196-50BDD20008A7}.Debug|Any CPU.ActiveCfg = Debug|Any CPU
		{DDA0C0FA-7316-49FC-B196-50BDD20008A7}.Debug|Any CPU.Build.0 = Debug|Any CPU
		{DDA0C0FA-7316-49FC-B196-50BDD20008A7}.Release|Any CPU.ActiveCfg = Release|Any CPU
		{DDA0C0FA-7316-49FC-B196-50BDD20008A7}.Release|Any CPU.Build.0 = Release|Any CPU
		{516F68F3-BF8F-46E9-8BC0-47EDC6A37FD0}.Debug|Any CPU.ActiveCfg = Debug|Any CPU
		{516F68F3-BF8F-46E9-8BC0-47EDC6A37FD0}.Debug|Any CPU.Build.0 = Debug|Any CPU
		{516F68F3-BF8F-46E9-8BC0-47EDC6A37FD0}.Release|Any CPU.ActiveCfg = Release|Any CPU
		{516F68F3-BF8F-46E9-8BC0-47EDC6A37FD0}.Release|Any CPU.Build.0 = Release|Any CPU
	EndGlobalSection
	GlobalSection(SolutionProperties) = preSolution
		HideSolutionNode = FALSE
	EndGlobalSection
	GlobalSection(ExtensibilityGlobals) = postSolution
		SolutionGuid = {28B5A9DB-7576-44E8-A475-F88DF2CBAFA9}
	EndGlobalSection
EndGlobal
